{
  "name": "shared-library",
  "version": "0.0.17",
  "lockfileVersion": 1,
  "requires": true,
  "dependencies": {
    "ng-multiselect-dropdown": {
      "version": "0.2.5",
      "resolved": "http://localhost:4873/ng-multiselect-dropdown/-/ng-multiselect-dropdown-0.2.5.tgz",
      "integrity": "sha512-LoKh6DlXmu5AqHdCm17N5tDNAFL/KqihrNULomNn+HX9JNWPvL6BxCLFNyZ1bPL7bTl7Re8mawRMbMWwuP/OCw==",
      "requires": {
        "tslib": "^1.9.0"
      }
    },
    "tslib": {
      "version": "1.10.0",
      "resolved": "http://localhost:4873/tslib/-/tslib-1.10.0.tgz",
      "integrity": "sha512-qOebF53frne81cf0S9B41ByenJ3/IuH8yJKngAX35CmiZySA0khhkovshKK+jGCaMnVomla7gVlIcc3EvKPbTQ=="
    }
  }
}
